Microsoft Visual Studio Solution File, Format Version 12.00
# Visual Studio 15
VisualStudioVersion = 15.0.25807.0
MinimumVisualStudioVersion = 10.0.40219.1
Project("{2150E333-8FDC-42A3-9474-1A3956D46DE8}") = "Engine", "Engine", "{D5A7F6C3-E747-4299-A2A5-20B581BE004D}"
EndProject
Project("{2150E333-8FDC-42A3-9474-1A3956D46DE8}") = "Games", "Games", "{602033B2-50FC-4255-B8D9-9EDEECDBFC10}"
EndProject
Project("{8BC9CEB8-8B4A-11D0-8D11-00A0C91BC942}") = "UE4", "Intermediate\ProjectFiles\UE4.vcxproj", "{0C7B4556-6944-4DCD-B39A-CDBB212B155A}"
EndProject
Project("{8BC9CEB8-8B4A-11D0-8D11-00A0C91BC942}") = "SignificanceTest", "Intermediate\ProjectFiles\SignificanceTest.vcxproj", "{9A2CC6D0-2CC6-4FF8-A32F-C9591C1E01DA}"
EndProject
Project("{2150E333-8FDC-42A3-9474-1A3956D46DE8}") = "Visualizers", "Visualizers", "{29AD70DA-0659-4055-9CBA-5DD46F67A845}"
	ProjectSection(SolutionItems) = preProject
		..\..\..\..\..\Program Files\Epic Games\UE_4.21\Engine\Extras\VisualStudioDebugging\UE4.natvis = ..\..\..\..\..\Program Files\Epic Games\UE_4.21\Engine\Extras\VisualStudioDebugging\UE4.natvis
	EndProjectSection
EndProject
Global
	GlobalSection(SolutionConfigurationPlatforms) = preSolution
		DebugGame Editor|Win32 = DebugGame Editor|Win32
		DebugGame Editor|Win64 = DebugGame Editor|Win64
		DebugGame|Win32 = DebugGame|Win32
		DebugGame|Win64 = DebugGame|Win64
		Development Editor|Win32 = Development Editor|Win32
		Development Editor|Win64 = Development Editor|Win64
		Development|Win32 = Development|Win32
		Development|Win64 = Development|Win64
		Shipping|Win32 = Shipping|Win32
		Shipping|Win64 = Shipping|Win64
	EndGlobalSection
	GlobalSection(ProjectConfigurationPlatforms) = postSolution
		{0C7B4556-6944-4DCD-B39A-CDBB212B155A}.DebugGame Editor|Win32.ActiveCfg = BuiltWithUnrealBuildTool|Win32
		{0C7B4556-6944-4DCD-B39A-CDBB212B155A}.DebugGame Editor|Win64.ActiveCfg = BuiltWithUnrealBuildTool|Win32
		{0C7B4556-6944-4DCD-B39A-CDBB212B155A}.DebugGame|Win32.ActiveCfg = BuiltWithUnrealBuildTool|Win32
		{0C7B4556-6944-4DCD-B39A-CDBB212B155A}.DebugGame|Win64.ActiveCfg = BuiltWithUnrealBuildTool|Win32
		{0C7B4556-6944-4DCD-B39A-CDBB212B155A}.Development Editor|Win32.ActiveCfg = BuiltWithUnrealBuildTool|Win32
		{0C7B4556-6944-4DCD-B39A-CDBB212B155A}.Development Editor|Win64.ActiveCfg = BuiltWithUnrealBuildTool|Win32
		{0C7B4556-6944-4DCD-B39A-CDBB212B155A}.Development|Win32.ActiveCfg = BuiltWithUnrealBuildTool|Win32
		{0C7B4556-6944-4DCD-B39A-CDBB212B155A}.Development|Win64.ActiveCfg = BuiltWithUnrealBuildTool|Win32
		{0C7B4556-6944-4DCD-B39A-CDBB212B155A}.Shipping|Win32.ActiveCfg = BuiltWithUnrealBuildTool|Win32
		{0C7B4556-6944-4DCD-B39A-CDBB212B155A}.Shipping|Win64.ActiveCfg = BuiltWithUnrealBuildTool|Win32
		{9A2CC6D0-2CC6-4FF8-A32F-C9591C1E01DA}.DebugGame Editor|Win32.ActiveCfg = Invalid|Win32
		{9A2CC6D0-2CC6-4FF8-A32F-C9591C1E01DA}.DebugGame Editor|Win64.ActiveCfg = DebugGame_Editor|x64
		{9A2CC6D0-2CC6-4FF8-A32F-C9591C1E01DA}.DebugGame Editor|Win64.Build.0 = DebugGame_Editor|x64
		{9A2CC6D0-2CC6-4FF8-A32F-C9591C1E01DA}.DebugGame|Win32.ActiveCfg = DebugGame|Win32
		{9A2CC6D0-2CC6-4FF8-A32F-C9591C1E01DA}.DebugGame|Win32.Build.0 = DebugGame|Win32
		{9A2CC6D0-2CC6-4FF8-A32F-C9591C1E01DA}.DebugGame|Win64.ActiveCfg = DebugGame|x64
		{9A2CC6D0-2CC6-4FF8-A32F-C9591C1E01DA}.DebugGame|Win64.Build.0 = DebugGame|x64
		{9A2CC6D0-2CC6-4FF8-A32F-C9591C1E01DA}.Development Editor|Win32.ActiveCfg = Invalid|Win32
		{9A2CC6D0-2CC6-4FF8-A32F-C9591C1E01DA}.Development Editor|Win64.ActiveCfg = Development_Editor|x64
		{9A2CC6D0-2CC6-4FF8-A32F-C9591C1E01DA}.Development Editor|Win64.Build.0 = Development_Editor|x64
		{9A2CC6D0-2CC6-4FF8-A32F-C9591C1E01DA}.Development|Win32.ActiveCfg = Development|Win32
		{9A2CC6D0-2CC6-4FF8-A32F-C9591C1E01DA}.Development|Win32.Build.0 = Development|Win32
		{9A2CC6D0-2CC6-4FF8-A32F-C9591C1E01DA}.Development|Win64.ActiveCfg = Development|x64
		{9A2CC6D0-2CC6-4FF8-A32F-C9591C1E01DA}.Development|Win64.Build.0 = Development|x64
		{9A2CC6D0-2CC6-4FF8-A32F-C9591C1E01DA}.Shipping|Win32.ActiveCfg = Shipping|Win32
		{9A2CC6D0-2CC6-4FF8-A32F-C9591C1E01DA}.Shipping|Win32.Build.0 = Shipping|Win32
		{9A2CC6D0-2CC6-4FF8-A32F-C9591C1E01DA}.Shipping|Win64.ActiveCfg = Shipping|x64
		{9A2CC6D0-2CC6-4FF8-A32F-C9591C1E01DA}.Shipping|Win64.Build.0 = Shipping|x64
	EndGlobalSection
	GlobalSection(SolutionProperties) = preSolution
		HideSolutionNode = FALSE
	EndGlobalSection
	GlobalSection(NestedProjects) = preSolution
		{0C7B4556-6944-4DCD-B39A-CDBB212B155A} = {D5A7F6C3-E747-4299-A2A5-20B581BE004D}
		{9A2CC6D0-2CC6-4FF8-A32F-C9591C1E01DA} = {602033B2-50FC-4255-B8D9-9EDEECDBFC10}
		{9A2CC6D0-2CC6-4FF8-A32F-C9591C1E01DA} = {602033B2-50FC-4255-B8D9-9EDEECDBFC10}
	EndGlobalSection
EndGlobal
